
Microsoft Visual Studio Solution File, Format Version 12.00
# Visual Studio Version 16
VisualStudioVersion = 16.0.29806.167
MinimumVisualStudioVersion = 10.0.40219.1
Project("{9A19103F-16F7-4668-BE54-9A1E7A4F7556}") = "Background-Terminal", "Background-Terminal\Background-Terminal.csproj", "{8EB72BE9-4392-421A-9845-00022CC1555B}"
EndProject
Project("{930C7802-8A8C-48F9-8165-68863BCCD9DD}") = "Background-Terminal-Setup", "Background-Terminal-Setup\Background-Terminal-Setup.wixproj", "{CB5B11AE-E0F1-4A87-B85F-04EFD0AD2712}"
EndProject
Global
	GlobalSection(SolutionConfigurationPlatforms) = preSolution
		Debug|Any CPU = Debug|Any CPU
		Debug|x64 = Debug|x64
		Debug|x86 = Debug|x86
		Release|Any CPU = Release|Any CPU
		Release|x64 = Release|x64
		Release|x86 = Release|x86
	EndGlobalSection
	GlobalSection(ProjectConfigurationPlatforms) = postSolution
		{8EB72BE9-4392-421A-9845-00022CC1555B}.Debug|Any CPU.ActiveCfg = Debug|Any CPU
		{8EB72BE9-4392-421A-9845-00022CC1555B}.Debug|Any CPU.Build.0 = Debug|Any CPU
		{8EB72BE9-4392-421A-9845-00022CC1555B}.Debug|x64.ActiveCfg = Debug|Any CPU
		{8EB72BE9-4392-421A-9845-00022CC1555B}.Debug|x64.Build.0 = Debug|Any CPU
		{8EB72BE9-4392-421A-9845-00022CC1555B}.Debug|x86.ActiveCfg = Debug|Any CPU
		{8EB72BE9-4392-421A-9845-00022CC1555B}.Debug|x86.Build.0 = Debug|Any CPU
		{8EB72BE9-4392-421A-9845-00022CC1555B}.Release|Any CPU.ActiveCfg = Release|Any CPU
		{8EB72BE9-4392-421A-9845-00022CC1555B}.Release|Any CPU.Build.0 = Release|Any CPU
		{8EB72BE9-4392-421A-9845-00022CC1555B}.Release|x64.ActiveCfg = Release|x64
		{8EB72BE9-4392-421A-9845-00022CC1555B}.Release|x64.Build.0 = Release|x64
		{8EB72BE9-4392-421A-9845-00022CC1555B}.Release|x86.ActiveCfg = Release|x86
		{8EB72BE9-4392-421A-9845-00022CC1555B}.Release|x86.Build.0 = Release|x86
		{CB5B11AE-E0F1-4A87-B85F-04EFD0AD2712}.Debug|Any CPU.ActiveCfg = Debug|x86
		{CB5B11AE-E0F1-4A87-B85F-04EFD0AD2712}.Debug|x64.ActiveCfg = Debug|x86
		{CB5B11AE-E0F1-4A87-B85F-04EFD0AD2712}.Debug|x86.ActiveCfg = Debug|x86
		{CB5B11AE-E0F1-4A87-B85F-04EFD0AD2712}.Debug|x86.Build.0 = Debug|x86
		{CB5B11AE-E0F1-4A87-B85F-04EFD0AD2712}.Release|Any CPU.ActiveCfg = Release|x86
		{CB5B11AE-E0F1-4A87-B85F-04EFD0AD2712}.Release|x64.ActiveCfg = Release|x64
		{CB5B11AE-E0F1-4A87-B85F-04EFD0AD2712}.Release|x64.Build.0 = Release|x64
		{CB5B11AE-E0F1-4A87-B85F-04EFD0AD2712}.Release|x86.ActiveCfg = Release|x86
		{CB5B11AE-E0F1-4A87-B85F-04EFD0AD2712}.Release|x86.Build.0 = Release|x86
	EndGlobalSection
	GlobalSection(SolutionProperties) = preSolution
		HideSolutionNode = FALSE
	EndGlobalSection
	GlobalSection(ExtensibilityGlobals) = postSolution
		SolutionGuid = {C049390E-BB5C-444B-9803-D7B544AB2B75}
	EndGlobalSection
EndGlobal
